
Microsoft Visual Studio Solution File, Format Version 12.00
# Visual Studio 2012
Project("{FAE04EC0-301F-11D3-BF4B-00C04F79EFBC}") = "Pnw.Model", "Pnw.Model\Pnw.Model.csproj", "{FB892E18-D487-438B-B16B-1A438EB0BC59}"
EndProject
Project("{FAE04EC0-301F-11D3-BF4B-00C04F79EFBC}") = "Pnw.TestConsole", "Pnw.TestConsole\Pnw.TestConsole.csproj", "{CEC38B1D-0079-45D1-8391-AE11BBBB298E}"
EndProject
Project("{FAE04EC0-301F-11D3-BF4B-00C04F79EFBC}") = "Pnw.Admin", "Pnw.Admin\Pnw.Admin.csproj", "{638B1ED7-8030-4FD0-B32F-B8A6D4B8054C}"
EndProject
Project("{FAE04EC0-301F-11D3-BF4B-00C04F79EFBC}") = "Pnw.DataAccess", "Pnw.DataAccess\Pnw.DataAccess.csproj", "{953C99D2-45F6-49AA-B331-131A5B1A5529}"
EndProject
Project("{FAE04EC0-301F-11D3-BF4B-00C04F79EFBC}") = "Pnw.Web", "Pnw.Web\Pnw.Web.csproj", "{9433C2FE-369F-4E18-854E-E46EF8F7A021}"
EndProject
Global
	GlobalSection(SolutionConfigurationPlatforms) = preSolution
		Debug|Any CPU = Debug|Any CPU
		Release|Any CPU = Release|Any CPU
	EndGlobalSection
	GlobalSection(ProjectConfigurationPlatforms) = postSolution
		{FB892E18-D487-438B-B16B-1A438EB0BC59}.Debug|Any CPU.ActiveCfg = Debug|Any CPU
		{FB892E18-D487-438B-B16B-1A438EB0BC59}.Debug|Any CPU.Build.0 = Debug|Any CPU
		{FB892E18-D487-438B-B16B-1A438EB0BC59}.Release|Any CPU.ActiveCfg = Release|Any CPU
		{FB892E18-D487-438B-B16B-1A438EB0BC59}.Release|Any CPU.Build.0 = Release|Any CPU
		{CEC38B1D-0079-45D1-8391-AE11BBBB298E}.Debug|Any CPU.ActiveCfg = Debug|Any CPU
		{CEC38B1D-0079-45D1-8391-AE11BBBB298E}.Debug|Any CPU.Build.0 = Debug|Any CPU
		{CEC38B1D-0079-45D1-8391-AE11BBBB298E}.Release|Any CPU.ActiveCfg = Release|Any CPU
		{CEC38B1D-0079-45D1-8391-AE11BBBB298E}.Release|Any CPU.Build.0 = Release|Any CPU
		{638B1ED7-8030-4FD0-B32F-B8A6D4B8054C}.Debug|Any CPU.ActiveCfg = Debug|Any CPU
		{638B1ED7-8030-4FD0-B32F-B8A6D4B8054C}.Debug|Any CPU.Build.0 = Debug|Any CPU
		{638B1ED7-8030-4FD0-B32F-B8A6D4B8054C}.Release|Any CPU.ActiveCfg = Release|Any CPU
		{638B1ED7-8030-4FD0-B32F-B8A6D4B8054C}.Release|Any CPU.Build.0 = Release|Any CPU
		{953C99D2-45F6-49AA-B331-131A5B1A5529}.Debug|Any CPU.ActiveCfg = Debug|Any CPU
		{953C99D2-45F6-49AA-B331-131A5B1A5529}.Debug|Any CPU.Build.0 = Debug|Any CPU
		{953C99D2-45F6-49AA-B331-131A5B1A5529}.Release|Any CPU.ActiveCfg = Release|Any CPU
		{953C99D2-45F6-49AA-B331-131A5B1A5529}.Release|Any CPU.Build.0 = Release|Any CPU
		{9433C2FE-369F-4E18-854E-E46EF8F7A021}.Debug|Any CPU.ActiveCfg = Debug|Any CPU
		{9433C2FE-369F-4E18-854E-E46EF8F7A021}.Debug|Any CPU.Build.0 = Debug|Any CPU
		{9433C2FE-369F-4E18-854E-E46EF8F7A021}.Release|Any CPU.ActiveCfg = Release|Any CPU
		{9433C2FE-369F-4E18-854E-E46EF8F7A021}.Release|Any CPU.Build.0 = Release|Any CPU
	EndGlobalSection
	GlobalSection(SolutionProperties) = preSolution
		HideSolutionNode = FALSE
	EndGlobalSection
EndGlobal
